
Microsoft Visual Studio Solution File, Format Version 12.00
# Visual Studio Version 17
VisualStudioVersion = 17.14.36127.28 d17.14
MinimumVisualStudioVersion = 10.0.40219.1
Project("{FAE04EC0-301F-11D3-BF4B-00C04F79EFBC}") = "KonwerterWalut", "KonwerterWalut\KonwerterWalut.csproj", "{670318B4-0D5D-4281-BDEE-BBD6F79D7520}"
EndProject
Global
	GlobalSection(SolutionConfigurationPlatforms) = preSolution
		Debug|Any CPU = Debug|Any CPU
		Release|Any CPU = Release|Any CPU
	EndGlobalSection
	GlobalSection(ProjectConfigurationPlatforms) = postSolution
		{670318B4-0D5D-4281-BDEE-BBD6F79D7520}.Debug|Any CPU.ActiveCfg = Debug|Any CPU
		{670318B4-0D5D-4281-BDEE-BBD6F79D7520}.Debug|Any CPU.Build.0 = Debug|Any CPU
		{670318B4-0D5D-4281-BDEE-BBD6F79D7520}.Release|Any CPU.ActiveCfg = Release|Any CPU
		{670318B4-0D5D-4281-BDEE-BBD6F79D7520}.Release|Any CPU.Build.0 = Release|Any CPU
	EndGlobalSection
	GlobalSection(SolutionProperties) = preSolution
		HideSolutionNode = FALSE
	EndGlobalSection
	GlobalSection(ExtensibilityGlobals) = postSolution
		SolutionGuid = {CBAADEA7-67D0-4D07-9BEA-8D4D240FAA39}
	EndGlobalSection
EndGlobal
